
Microsoft Visual Studio Solution File, Format Version 12.00
# Visual Studio Version 17
VisualStudioVersion = 17.14.36202.13 d17.14
MinimumVisualStudioVersion = 10.0.40219.1
Project("{FAE04EC0-301F-11D3-BF4B-00C04F79EFBC}") = "rPay", "rPay\rPay.csproj", "{3722B4F0-1059-4A7F-B70C-33D52BBDAD8A}"
EndProject
Global
	GlobalSection(SolutionConfigurationPlatforms) = preSolution
		Debug|Any CPU = Debug|Any CPU
		Release|Any CPU = Release|Any CPU
	EndGlobalSection
	GlobalSection(ProjectConfigurationPlatforms) = postSolution
		{3722B4F0-1059-4A7F-B70C-33D52BBDAD8A}.Debug|Any CPU.ActiveCfg = Debug|Any CPU
		{3722B4F0-1059-4A7F-B70C-33D52BBDAD8A}.Debug|Any CPU.Build.0 = Debug|Any CPU
		{3722B4F0-1059-4A7F-B70C-33D52BBDAD8A}.Release|Any CPU.ActiveCfg = Release|Any CPU
		{3722B4F0-1059-4A7F-B70C-33D52BBDAD8A}.Release|Any CPU.Build.0 = Release|Any CPU
	EndGlobalSection
	GlobalSection(SolutionProperties) = preSolution
		HideSolutionNode = FALSE
	EndGlobalSection
	GlobalSection(ExtensibilityGlobals) = postSolution
		SolutionGuid = {9D376DFC-66E3-403D-BC10-2F00778B754B}
	EndGlobalSection
EndGlobal
